
Microsoft Visual Studio Solution File, Format Version 12.00
# Visual Studio 2012
Project("{FAE04EC0-301F-11D3-BF4B-00C04F79EFBC}") = "examenParcial2", "examenParcial2\examenParcial2.csproj", "{2D5C7AFC-E32E-475D-B408-F3211D43B393}"
EndProject
Global
	GlobalSection(SolutionConfigurationPlatforms) = preSolution
		Debug|iPhoneSimulator = Debug|iPhoneSimulator
		Release|iPhone = Release|iPhone
		Release|iPhoneSimulator = Release|iPhoneSimulator
		Debug|iPhone = Debug|iPhone
	EndGlobalSection
	GlobalSection(ProjectConfigurationPlatforms) = postSolution
		{2D5C7AFC-E32E-475D-B408-F3211D43B393}.Debug|iPhoneSimulator.ActiveCfg = Debug|iPhoneSimulator
		{2D5C7AFC-E32E-475D-B408-F3211D43B393}.Debug|iPhoneSimulator.Build.0 = Debug|iPhoneSimulator
		{2D5C7AFC-E32E-475D-B408-F3211D43B393}.Release|iPhone.ActiveCfg = Release|iPhone
		{2D5C7AFC-E32E-475D-B408-F3211D43B393}.Release|iPhone.Build.0 = Release|iPhone
		{2D5C7AFC-E32E-475D-B408-F3211D43B393}.Release|iPhoneSimulator.ActiveCfg = Release|iPhoneSimulator
		{2D5C7AFC-E32E-475D-B408-F3211D43B393}.Release|iPhoneSimulator.Build.0 = Release|iPhoneSimulator
		{2D5C7AFC-E32E-475D-B408-F3211D43B393}.Debug|iPhone.ActiveCfg = Debug|iPhone
		{2D5C7AFC-E32E-475D-B408-F3211D43B393}.Debug|iPhone.Build.0 = Debug|iPhone
	EndGlobalSection
EndGlobal
