
Microsoft Visual Studio Solution File, Format Version 12.00
# Visual Studio 2012
Project("{FAE04EC0-301F-11D3-BF4B-00C04F79EFBC}") = "galeria", "galeria\galeria.csproj", "{B2E9D247-5265-4857-852E-C20D91439290}"
EndProject
Global
	GlobalSection(SolutionConfigurationPlatforms) = preSolution
		Debug|iPhoneSimulator = Debug|iPhoneSimulator
		Release|iPhone = Release|iPhone
		Release|iPhoneSimulator = Release|iPhoneSimulator
		Debug|iPhone = Debug|iPhone
	EndGlobalSection
	GlobalSection(ProjectConfigurationPlatforms) = postSolution
		{B2E9D247-5265-4857-852E-C20D91439290}.Debug|iPhoneSimulator.ActiveCfg = Debug|iPhoneSimulator
		{B2E9D247-5265-4857-852E-C20D91439290}.Debug|iPhoneSimulator.Build.0 = Debug|iPhoneSimulator
		{B2E9D247-5265-4857-852E-C20D91439290}.Release|iPhone.ActiveCfg = Release|iPhone
		{B2E9D247-5265-4857-852E-C20D91439290}.Release|iPhone.Build.0 = Release|iPhone
		{B2E9D247-5265-4857-852E-C20D91439290}.Release|iPhoneSimulator.ActiveCfg = Release|iPhoneSimulator
		{B2E9D247-5265-4857-852E-C20D91439290}.Release|iPhoneSimulator.Build.0 = Release|iPhoneSimulator
		{B2E9D247-5265-4857-852E-C20D91439290}.Debug|iPhone.ActiveCfg = Debug|iPhone
		{B2E9D247-5265-4857-852E-C20D91439290}.Debug|iPhone.Build.0 = Debug|iPhone
	EndGlobalSection
EndGlobal
